
Microsoft Visual Studio Solution File, Format Version 12.00
# Visual Studio 15
VisualStudioVersion = 15.0.27428.2011
MinimumVisualStudioVersion = 10.0.40219.1
Project("{888888A0-9F3D-457C-B088-3A5042F75D52}") = "WRDS-data-model", "WRDS-data-model.pyproj", "{4CE5DC96-D740-4A92-B375-7E92363FF404}"
EndProject
Global
	GlobalSection(SolutionConfigurationPlatforms) = preSolution
		Debug|Any CPU = Debug|Any CPU
		Release|Any CPU = Release|Any CPU
	EndGlobalSection
	GlobalSection(ProjectConfigurationPlatforms) = postSolution
		{4CE5DC96-D740-4A92-B375-7E92363FF404}.Debug|Any CPU.ActiveCfg = Debug|Any CPU
		{4CE5DC96-D740-4A92-B375-7E92363FF404}.Release|Any CPU.ActiveCfg = Release|Any CPU
	EndGlobalSection
	GlobalSection(SolutionProperties) = preSolution
		HideSolutionNode = FALSE
	EndGlobalSection
	GlobalSection(ExtensibilityGlobals) = postSolution
		SolutionGuid = {953386BC-1B21-412E-BD85-4BCFBCD8130C}
	EndGlobalSection
EndGlobal
